# THIS IS AN AUTOGENERATED FILE. DO NOT EDIT THIS FILE DIRECTLY.
# yarn lockfile v1


base64-js@0.0.8:
  version "0.0.8"
  resolved "https://registry.yarnpkg.com/base64-js/-/base64-js-0.0.8.tgz#1101e9544f4a76b1bc3b26d452ca96d7a35e7978"
  integrity sha512-3XSA2cR/h/73EzlXXdU6YNycmYI7+kicTxks4eJg2g39biHR84slg2+des+p7iHYhbRg/udIS4TD53WabcOUkw==

buffer@^3.5.1:
  version "3.6.2"
  resolved "https://registry.yarnpkg.com/buffer/-/buffer-3.6.2.tgz#d83b530100c4a2c598bfc8ae24fff29812cf49de"
  integrity sha512-c3M77NkHJxS0zx/ErxXhDLr1v3y2MDXPeTJPvLNOaIYJ4ymHBUFQ9EXzt9HYuqAJllMoNb/EZ8hIiulnQFAUuQ==
  dependencies:
    base64-js "0.0.8"
    ieee754 "^1.1.4"
    isarray "^1.0.0"

ieee754@^1.1.4:
  version "1.2.1"
  resolved "https://registry.yarnpkg.com/ieee754/-/ieee754-1.2.1.tgz#8eb7a10a63fff25d15a57b001586d177d1b0d352"
  integrity sha512-dcyqhDvX1C46lXZcVqCpK+FtMRQVdIMN6/Df5js2zouUsqG7I6sFxitIC+7KYK29KdXOLHdu9zL4sFnoVQnqaA==

isarray@^1.0.0:
  version "1.0.0"
  resolved "https://registry.yarnpkg.com/isarray/-/isarray-1.0.0.tgz#bb935d48582cba168c06834957a54a3e07124f11"
  integrity sha512-VLghIWNM6ELQzo7zwmcg0NmTVyWKYjvIeM83yjp0wRDTmUnrM678fQbcKBo6n2CJEF0szoG//ytg+TKla89ALQ==

xtea@^1.0.0:
  version "1.0.0"
  resolved "https://registry.yarnpkg.com/xtea/-/xtea-1.0.0.tgz#4dccacbb94231430bd8ad0a790708ea7cc43ac2e"
  integrity sha512-wd5XVX61Edu4hAilCfi4yyU0/vACkoEQzw+gABIMXC4etiyGUmdVzPIgbGp4bWoN2tY6hXqFNysQ7s1t2yDl8w==
  dependencies:
    buffer "^3.5.1"
